# THIS IS AN AUTOGENERATED FILE. DO NOT EDIT THIS FILE DIRECTLY.
# yarn lockfile v1


"@gorules/zen-engine-darwin-arm64@0.3.3":
  version "0.3.3"
  resolved "https://registry.yarnpkg.com/@gorules/zen-engine-darwin-arm64/-/zen-engine-darwin-arm64-0.3.3.tgz#d4a3a26946e048e06c5eb34e1da348d41d034d12"
  integrity sha512-EzccaQMvHJcBvh0eiaUhbGx+4SBdgMrWHFGLdTCA1HKTxVKIe2gPuiHWyK3gPJvGiiflvF7kUqlBZQBkTbpe4Q==

"@gorules/zen-engine-darwin-x64@0.3.3":
  version "0.3.3"
  resolved "https://registry.yarnpkg.com/@gorules/zen-engine-darwin-x64/-/zen-engine-darwin-x64-0.3.3.tgz#99e91c511a12d3c6dea28c95655bb0ee7367a15c"
  integrity sha512-VwI8/QfZjTzmDWOCNUvzCWEWxAFbgwVfr2L9GeCzypRv9v37bfk4/9fGCjCqWkOB7BRggpaMNhCeJVR5PsZvpQ==

"@gorules/zen-engine-linux-arm64-gnu@0.3.3":
  version "0.3.3"
  resolved "https://registry.yarnpkg.com/@gorules/zen-engine-linux-arm64-gnu/-/zen-engine-linux-arm64-gnu-0.3.3.tgz#78850f4bc3ffb0f95c3af6b8db24a72e27faf3dc"
  integrity sha512-nA/7wiR7ekhfK55XStE4Dn5lfFij9e1U4kO5Xnx+tzm8A6RHTGR3WGKdXSpFpGGe1TahemklQnNKxCv0SGGhyQ==

"@gorules/zen-engine-linux-x64-gnu@0.3.3":
  version "0.3.3"
  resolved "https://registry.yarnpkg.com/@gorules/zen-engine-linux-x64-gnu/-/zen-engine-linux-x64-gnu-0.3.3.tgz#4e9f936e3d005adf93a92f23f2a71062e4a88f10"
  integrity sha512-MSW5HKdlnaDSQ/Zb7I/I+1qhWAkRcBsyEDk/3IlMc3N2dNAnfpX0AWPLohvjkADgJ2+LZASOFPdtUKwH2rx+Gg==

"@gorules/zen-engine-win32-x64-msvc@0.3.3":
  version "0.3.3"
  resolved "https://registry.yarnpkg.com/@gorules/zen-engine-win32-x64-msvc/-/zen-engine-win32-x64-msvc-0.3.3.tgz#32b0f4b23b022793de7b6cce82130f973f86f981"
  integrity sha512-dsGSPwDeLFCRODHJQE0NUsqFGbVLCDHQ4bUOd9Y0kSZsO+Uy3Y9ZPHDMF7JohROsRZNPMIW8k3fF/1fB64DQPw==

"@gorules/zen-engine@^0.3.3":
  version "0.3.3"
  resolved "https://registry.yarnpkg.com/@gorules/zen-engine/-/zen-engine-0.3.3.tgz#8a30a0e5569ea852474f398dee7758a2d21ccfc9"
  integrity sha512-2hzZPDZ01xiyEGg2P2wHwVQmdKLAnpO3ARBW5o2/7eTIuDOqsQv0LY7MAHpW9lsrPKuc4JDHpT25qdI1O5wSzA==
  optionalDependencies:
    "@gorules/zen-engine-darwin-arm64" "0.3.3"
    "@gorules/zen-engine-darwin-x64" "0.3.3"
    "@gorules/zen-engine-linux-arm64-gnu" "0.3.3"
    "@gorules/zen-engine-linux-x64-gnu" "0.3.3"
    "@gorules/zen-engine-win32-x64-msvc" "0.3.3"
